
Microsoft Visual Studio Solution File, Format Version 12.00
# Visual Studio 14
VisualStudioVersion = 14.0.25420.1
MinimumVisualStudioVersion = 10.0.40219.1
Project("{FAE04EC0-301F-11D3-BF4B-00C04F79EFBC}") = "appXamarin01.Core", "appXamarin01.Core\appXamarin01.Core.csproj", "{5715F457-9B12-4E8E-A0FB-3E3C9A0BE226}"
EndProject
Project("{FAE04EC0-301F-11D3-BF4B-00C04F79EFBC}") = "appXamarin01.Droid", "appXamarin01.Droid\appXamarin01.Droid.csproj", "{24693A89-917A-46DC-82F5-D8321BF17B44}"
EndProject
Project("{FAE04EC0-301F-11D3-BF4B-00C04F79EFBC}") = "appXamarin01.iOS", "appXamarin01.iOS\appXamarin01.iOS.csproj", "{EF0C4EBB-65EE-4239-9119-BFF1931C06C1}"
EndProject
Global
	GlobalSection(SolutionConfigurationPlatforms) = preSolution
		Ad-Hoc|Any CPU = Ad-Hoc|Any CPU
		Ad-Hoc|ARM = Ad-Hoc|ARM
		Ad-Hoc|iPhone = Ad-Hoc|iPhone
		Ad-Hoc|iPhoneSimulator = Ad-Hoc|iPhoneSimulator
		Ad-Hoc|x64 = Ad-Hoc|x64
		Ad-Hoc|x86 = Ad-Hoc|x86
		AppStore|Any CPU = AppStore|Any CPU
		AppStore|ARM = AppStore|ARM
		AppStore|iPhone = AppStore|iPhone
		AppStore|iPhoneSimulator = AppStore|iPhoneSimulator
		AppStore|x64 = AppStore|x64
		AppStore|x86 = AppStore|x86
		Debug|Any CPU = Debug|Any CPU
		Debug|ARM = Debug|ARM
		Debug|iPhone = Debug|iPhone
		Debug|iPhoneSimulator = Debug|iPhoneSimulator
		Debug|x64 = Debug|x64
		Debug|x86 = Debug|x86
		Release|Any CPU = Release|Any CPU
		Release|ARM = Release|ARM
		Release|iPhone = Release|iPhone
		Release|iPhoneSimulator = Release|iPhoneSimulator
		Release|x64 = Release|x64
		Release|x86 = Release|x86
	EndGlobalSection
	GlobalSection(ProjectConfigurationPlatforms) = postSolution
		{5715F457-9B12-4E8E-A0FB-3E3C9A0BE226}.Ad-Hoc|Any CPU.ActiveCfg = Release|Any CPU
		{5715F457-9B12-4E8E-A0FB-3E3C9A0BE226}.Ad-Hoc|Any CPU.Build.0 = Release|Any CPU
		{5715F457-9B12-4E8E-A0FB-3E3C9A0BE226}.Ad-Hoc|ARM.ActiveCfg = Release|Any CPU
		{5715F457-9B12-4E8E-A0FB-3E3C9A0BE226}.Ad-Hoc|ARM.Build.0 = Release|Any CPU
		{5715F457-9B12-4E8E-A0FB-3E3C9A0BE226}.Ad-Hoc|iPhone.ActiveCfg = Release|Any CPU
		{5715F457-9B12-4E8E-A0FB-3E3C9A0BE226}.Ad-Hoc|iPhone.Build.0 = Release|Any CPU
		{5715F457-9B12-4E8E-A0FB-3E3C9A0BE226}.Ad-Hoc|iPhoneSimulator.ActiveCfg = Release|Any CPU
		{5715F457-9B12-4E8E-A0FB-3E3C9A0BE226}.Ad-Hoc|iPhoneSimulator.Build.0 = Release|Any CPU
		{5715F457-9B12-4E8E-A0FB-3E3C9A0BE226}.Ad-Hoc|x64.ActiveCfg = Release|Any CPU
		{5715F457-9B12-4E8E-A0FB-3E3C9A0BE226}.Ad-Hoc|x64.Build.0 = Release|Any CPU
		{5715F457-9B12-4E8E-A0FB-3E3C9A0BE226}.Ad-Hoc|x86.ActiveCfg = Release|Any CPU
		{5715F457-9B12-4E8E-A0FB-3E3C9A0BE226}.Ad-Hoc|x86.Build.0 = Release|Any CPU
		{5715F457-9B12-4E8E-A0FB-3E3C9A0BE226}.AppStore|Any CPU.ActiveCfg = Release|Any CPU
		{5715F457-9B12-4E8E-A0FB-3E3C9A0BE226}.AppStore|Any CPU.Build.0 = Release|Any CPU
		{5715F457-9B12-4E8E-A0FB-3E3C9A0BE226}.AppStore|ARM.ActiveCfg = Release|Any CPU
		{5715F457-9B12-4E8E-A0FB-3E3C9A0BE226}.AppStore|ARM.Build.0 = Release|Any CPU
		{5715F457-9B12-4E8E-A0FB-3E3C9A0BE226}.AppStore|iPhone.ActiveCfg = Release|Any CPU
		{5715F457-9B12-4E8E-A0FB-3E3C9A0BE226}.AppStore|iPhone.Build.0 = Release|Any CPU
		{5715F457-9B12-4E8E-A0FB-3E3C9A0BE226}.AppStore|iPhoneSimulator.ActiveCfg = Release|Any CPU
		{5715F457-9B12-4E8E-A0FB-3E3C9A0BE226}.AppStore|iPhoneSimulator.Build.0 = Release|Any CPU
		{5715F457-9B12-4E8E-A0FB-3E3C9A0BE226}.AppStore|x64.ActiveCfg = Release|Any CPU
		{5715F457-9B12-4E8E-A0FB-3E3C9A0BE226}.AppStore|x64.Build.0 = Release|Any CPU
		{5715F457-9B12-4E8E-A0FB-3E3C9A0BE226}.AppStore|x86.ActiveCfg = Release|Any CPU
		{5715F457-9B12-4E8E-A0FB-3E3C9A0BE226}.AppStore|x86.Build.0 = Release|Any CPU
		{5715F457-9B12-4E8E-A0FB-3E3C9A0BE226}.Debug|Any CPU.ActiveCfg = Debug|Any CPU
		{5715F457-9B12-4E8E-A0FB-3E3C9A0BE226}.Debug|Any CPU.Build.0 = Debug|Any CPU
		{5715F457-9B12-4E8E-A0FB-3E3C9A0BE226}.Debug|ARM.ActiveCfg = Debug|Any CPU
		{5715F457-9B12-4E8E-A0FB-3E3C9A0BE226}.Debug|ARM.Build.0 = Debug|Any CPU
		{5715F457-9B12-4E8E-A0FB-3E3C9A0BE226}.Debug|iPhone.ActiveCfg = Debug|Any CPU
		{5715F457-9B12-4E8E-A0FB-3E3C9A0BE226}.Debug|iPhone.Build.0 = Debug|Any CPU
		{5715F457-9B12-4E8E-A0FB-3E3C9A0BE226}.Debug|iPhoneSimulator.ActiveCfg = Debug|Any CPU
		{5715F457-9B12-4E8E-A0FB-3E3C9A0BE226}.Debug|iPhoneSimulator.Build.0 = Debug|Any CPU
		{5715F457-9B12-4E8E-A0FB-3E3C9A0BE226}.Debug|x64.ActiveCfg = Debug|Any CPU
		{5715F457-9B12-4E8E-A0FB-3E3C9A0BE226}.Debug|x64.Build.0 = Debug|Any CPU
		{5715F457-9B12-4E8E-A0FB-3E3C9A0BE226}.Debug|x86.ActiveCfg = Debug|Any CPU
		{5715F457-9B12-4E8E-A0FB-3E3C9A0BE226}.Debug|x86.Build.0 = Debug|Any CPU
		{5715F457-9B12-4E8E-A0FB-3E3C9A0BE226}.Release|Any CPU.ActiveCfg = Release|Any CPU
		{5715F457-9B12-4E8E-A0FB-3E3C9A0BE226}.Release|Any CPU.Build.0 = Release|Any CPU
		{5715F457-9B12-4E8E-A0FB-3E3C9A0BE226}.Release|ARM.ActiveCfg = Release|Any CPU
		{5715F457-9B12-4E8E-A0FB-3E3C9A0BE226}.Release|ARM.Build.0 = Release|Any CPU
		{5715F457-9B12-4E8E-A0FB-3E3C9A0BE226}.Release|iPhone.ActiveCfg = Release|Any CPU
		{5715F457-9B12-4E8E-A0FB-3E3C9A0BE226}.Release|iPhone.Build.0 = Release|Any CPU
		{5715F457-9B12-4E8E-A0FB-3E3C9A0BE226}.Release|iPhoneSimulator.ActiveCfg = Release|Any CPU
		{5715F457-9B12-4E8E-A0FB-3E3C9A0BE226}.Release|iPhoneSimulator.Build.0 = Release|Any CPU
		{5715F457-9B12-4E8E-A0FB-3E3C9A0BE226}.Release|x64.ActiveCfg = Release|Any CPU
		{5715F457-9B12-4E8E-A0FB-3E3C9A0BE226}.Release|x64.Build.0 = Release|Any CPU
		{5715F457-9B12-4E8E-A0FB-3E3C9A0BE226}.Release|x86.ActiveCfg = Release|Any CPU
		{5715F457-9B12-4E8E-A0FB-3E3C9A0BE226}.Release|x86.Build.0 = Release|Any CPU
		{24693A89-917A-46DC-82F5-D8321BF17B44}.Ad-Hoc|Any CPU.ActiveCfg = Release|Any CPU
		{24693A89-917A-46DC-82F5-D8321BF17B44}.Ad-Hoc|Any CPU.Build.0 = Release|Any CPU
		{24693A89-917A-46DC-82F5-D8321BF17B44}.Ad-Hoc|Any CPU.Deploy.0 = Release|Any CPU
		{24693A89-917A-46DC-82F5-D8321BF17B44}.Ad-Hoc|ARM.ActiveCfg = Release|Any CPU
		{24693A89-917A-46DC-82F5-D8321BF17B44}.Ad-Hoc|ARM.Build.0 = Release|Any CPU
		{24693A89-917A-46DC-82F5-D8321BF17B44}.Ad-Hoc|ARM.Deploy.0 = Release|Any CPU
		{24693A89-917A-46DC-82F5-D8321BF17B44}.Ad-Hoc|iPhone.ActiveCfg = Release|Any CPU
		{24693A89-917A-46DC-82F5-D8321BF17B44}.Ad-Hoc|iPhone.Build.0 = Release|Any CPU
		{24693A89-917A-46DC-82F5-D8321BF17B44}.Ad-Hoc|iPhone.Deploy.0 = Release|Any CPU
		{24693A89-917A-46DC-82F5-D8321BF17B44}.Ad-Hoc|iPhoneSimulator.ActiveCfg = Release|Any CPU
		{24693A89-917A-46DC-82F5-D8321BF17B44}.Ad-Hoc|iPhoneSimulator.Build.0 = Release|Any CPU
		{24693A89-917A-46DC-82F5-D8321BF17B44}.Ad-Hoc|iPhoneSimulator.Deploy.0 = Release|Any CPU
		{24693A89-917A-46DC-82F5-D8321BF17B44}.Ad-Hoc|x64.ActiveCfg = Release|Any CPU
		{24693A89-917A-46DC-82F5-D8321BF17B44}.Ad-Hoc|x64.Build.0 = Release|Any CPU
		{24693A89-917A-46DC-82F5-D8321BF17B44}.Ad-Hoc|x64.Deploy.0 = Release|Any CPU
		{24693A89-917A-46DC-82F5-D8321BF17B44}.Ad-Hoc|x86.ActiveCfg = Release|Any CPU
		{24693A89-917A-46DC-82F5-D8321BF17B44}.Ad-Hoc|x86.Build.0 = Release|Any CPU
		{24693A89-917A-46DC-82F5-D8321BF17B44}.Ad-Hoc|x86.Deploy.0 = Release|Any CPU
		{24693A89-917A-46DC-82F5-D8321BF17B44}.AppStore|Any CPU.ActiveCfg = Release|Any CPU
		{24693A89-917A-46DC-82F5-D8321BF17B44}.AppStore|Any CPU.Build.0 = Release|Any CPU
		{24693A89-917A-46DC-82F5-D8321BF17B44}.AppStore|Any CPU.Deploy.0 = Release|Any CPU
		{24693A89-917A-46DC-82F5-D8321BF17B44}.AppStore|ARM.ActiveCfg = Release|Any CPU
		{24693A89-917A-46DC-82F5-D8321BF17B44}.AppStore|ARM.Build.0 = Release|Any CPU
		{24693A89-917A-46DC-82F5-D8321BF17B44}.AppStore|ARM.Deploy.0 = Release|Any CPU
		{24693A89-917A-46DC-82F5-D8321BF17B44}.AppStore|iPhone.ActiveCfg = Release|Any CPU
		{24693A89-917A-46DC-82F5-D8321BF17B44}.AppStore|iPhone.Build.0 = Release|Any CPU
		{24693A89-917A-46DC-82F5-D8321BF17B44}.AppStore|iPhone.Deploy.0 = Release|Any CPU
		{24693A89-917A-46DC-82F5-D8321BF17B44}.AppStore|iPhoneSimulator.ActiveCfg = Release|Any CPU
		{24693A89-917A-46DC-82F5-D8321BF17B44}.AppStore|iPhoneSimulator.Build.0 = Release|Any CPU
		{24693A89-917A-46DC-82F5-D8321BF17B44}.AppStore|iPhoneSimulator.Deploy.0 = Release|Any CPU
		{24693A89-917A-46DC-82F5-D8321BF17B44}.AppStore|x64.ActiveCfg = Release|Any CPU
		{24693A89-917A-46DC-82F5-D8321BF17B44}.AppStore|x64.Build.0 = Release|Any CPU
		{24693A89-917A-46DC-82F5-D8321BF17B44}.AppStore|x64.Deploy.0 = Release|Any CPU
		{24693A89-917A-46DC-82F5-D8321BF17B44}.AppStore|x86.ActiveCfg = Release|Any CPU
		{24693A89-917A-46DC-82F5-D8321BF17B44}.AppStore|x86.Build.0 = Release|Any CPU
		{24693A89-917A-46DC-82F5-D8321BF17B44}.AppStore|x86.Deploy.0 = Release|Any CPU
		{24693A89-917A-46DC-82F5-D8321BF17B44}.Debug|Any CPU.ActiveCfg = Debug|Any CPU
		{24693A89-917A-46DC-82F5-D8321BF17B44}.Debug|Any CPU.Build.0 = Debug|Any CPU
		{24693A89-917A-46DC-82F5-D8321BF17B44}.Debug|Any CPU.Deploy.0 = Debug|Any CPU
		{24693A89-917A-46DC-82F5-D8321BF17B44}.Debug|ARM.ActiveCfg = Debug|Any CPU
		{24693A89-917A-46DC-82F5-D8321BF17B44}.Debug|ARM.Build.0 = Debug|Any CPU
		{24693A89-917A-46DC-82F5-D8321BF17B44}.Debug|ARM.Deploy.0 = Debug|Any CPU
		{24693A89-917A-46DC-82F5-D8321BF17B44}.Debug|iPhone.ActiveCfg = Debug|Any CPU
		{24693A89-917A-46DC-82F5-D8321BF17B44}.Debug|iPhone.Build.0 = Debug|Any CPU
		{24693A89-917A-46DC-82F5-D8321BF17B44}.Debug|iPhone.Deploy.0 = Debug|Any CPU
		{24693A89-917A-46DC-82F5-D8321BF17B44}.Debug|iPhoneSimulator.ActiveCfg = Debug|Any CPU
		{24693A89-917A-46DC-82F5-D8321BF17B44}.Debug|iPhoneSimulator.Build.0 = Debug|Any CPU
		{24693A89-917A-46DC-82F5-D8321BF17B44}.Debug|iPhoneSimulator.Deploy.0 = Debug|Any CPU
		{24693A89-917A-46DC-82F5-D8321BF17B44}.Debug|x64.ActiveCfg = Debug|Any CPU
		{24693A89-917A-46DC-82F5-D8321BF17B44}.Debug|x64.Build.0 = Debug|Any CPU
		{24693A89-917A-46DC-82F5-D8321BF17B44}.Debug|x64.Deploy.0 = Debug|Any CPU
		{24693A89-917A-46DC-82F5-D8321BF17B44}.Debug|x86.ActiveCfg = Debug|Any CPU
		{24693A89-917A-46DC-82F5-D8321BF17B44}.Debug|x86.Build.0 = Debug|Any CPU
		{24693A89-917A-46DC-82F5-D8321BF17B44}.Debug|x86.Deploy.0 = Debug|Any CPU
		{24693A89-917A-46DC-82F5-D8321BF17B44}.Release|Any CPU.ActiveCfg = Release|Any CPU
		{24693A89-917A-46DC-82F5-D8321BF17B44}.Release|Any CPU.Build.0 = Release|Any CPU
		{24693A89-917A-46DC-82F5-D8321BF17B44}.Release|Any CPU.Deploy.0 = Release|Any CPU
		{24693A89-917A-46DC-82F5-D8321BF17B44}.Release|ARM.ActiveCfg = Release|Any CPU
		{24693A89-917A-46DC-82F5-D8321BF17B44}.Release|ARM.Build.0 = Release|Any CPU
		{24693A89-917A-46DC-82F5-D8321BF17B44}.Release|ARM.Deploy.0 = Release|Any CPU
		{24693A89-917A-46DC-82F5-D8321BF17B44}.Release|iPhone.ActiveCfg = Release|Any CPU
		{24693A89-917A-46DC-82F5-D8321BF17B44}.Release|iPhone.Build.0 = Release|Any CPU
		{24693A89-917A-46DC-82F5-D8321BF17B44}.Release|iPhone.Deploy.0 = Release|Any CPU
		{24693A89-917A-46DC-82F5-D8321BF17B44}.Release|iPhoneSimulator.ActiveCfg = Release|Any CPU
		{24693A89-917A-46DC-82F5-D8321BF17B44}.Release|iPhoneSimulator.Build.0 = Release|Any CPU
		{24693A89-917A-46DC-82F5-D8321BF17B44}.Release|iPhoneSimulator.Deploy.0 = Release|Any CPU
		{24693A89-917A-46DC-82F5-D8321BF17B44}.Release|x64.ActiveCfg = Release|Any CPU
		{24693A89-917A-46DC-82F5-D8321BF17B44}.Release|x64.Build.0 = Release|Any CPU
		{24693A89-917A-46DC-82F5-D8321BF17B44}.Release|x64.Deploy.0 = Release|Any CPU
		{24693A89-917A-46DC-82F5-D8321BF17B44}.Release|x86.ActiveCfg = Release|Any CPU
		{24693A89-917A-46DC-82F5-D8321BF17B44}.Release|x86.Build.0 = Release|Any CPU
		{24693A89-917A-46DC-82F5-D8321BF17B44}.Release|x86.Deploy.0 = Release|Any CPU
		{EF0C4EBB-65EE-4239-9119-BFF1931C06C1}.Ad-Hoc|Any CPU.ActiveCfg = Ad-Hoc|iPhone
		{EF0C4EBB-65EE-4239-9119-BFF1931C06C1}.Ad-Hoc|ARM.ActiveCfg = Ad-Hoc|iPhone
		{EF0C4EBB-65EE-4239-9119-BFF1931C06C1}.Ad-Hoc|iPhone.ActiveCfg = Ad-Hoc|iPhone
		{EF0C4EBB-65EE-4239-9119-BFF1931C06C1}.Ad-Hoc|iPhone.Build.0 = Ad-Hoc|iPhone
		{EF0C4EBB-65EE-4239-9119-BFF1931C06C1}.Ad-Hoc|iPhoneSimulator.ActiveCfg = Ad-Hoc|iPhoneSimulator
		{EF0C4EBB-65EE-4239-9119-BFF1931C06C1}.Ad-Hoc|iPhoneSimulator.Build.0 = Ad-Hoc|iPhoneSimulator
		{EF0C4EBB-65EE-4239-9119-BFF1931C06C1}.Ad-Hoc|x64.ActiveCfg = Ad-Hoc|iPhone
		{EF0C4EBB-65EE-4239-9119-BFF1931C06C1}.Ad-Hoc|x86.ActiveCfg = Ad-Hoc|iPhone
		{EF0C4EBB-65EE-4239-9119-BFF1931C06C1}.AppStore|Any CPU.ActiveCfg = AppStore|iPhone
		{EF0C4EBB-65EE-4239-9119-BFF1931C06C1}.AppStore|ARM.ActiveCfg = AppStore|iPhone
		{EF0C4EBB-65EE-4239-9119-BFF1931C06C1}.AppStore|iPhone.ActiveCfg = AppStore|iPhone
		{EF0C4EBB-65EE-4239-9119-BFF1931C06C1}.AppStore|iPhone.Build.0 = AppStore|iPhone
		{EF0C4EBB-65EE-4239-9119-BFF1931C06C1}.AppStore|iPhoneSimulator.ActiveCfg = AppStore|iPhoneSimulator
		{EF0C4EBB-65EE-4239-9119-BFF1931C06C1}.AppStore|iPhoneSimulator.Build.0 = AppStore|iPhoneSimulator
		{EF0C4EBB-65EE-4239-9119-BFF1931C06C1}.AppStore|x64.ActiveCfg = AppStore|iPhone
		{EF0C4EBB-65EE-4239-9119-BFF1931C06C1}.AppStore|x86.ActiveCfg = AppStore|iPhone
		{EF0C4EBB-65EE-4239-9119-BFF1931C06C1}.Debug|Any CPU.ActiveCfg = Debug|iPhone
		{EF0C4EBB-65EE-4239-9119-BFF1931C06C1}.Debug|ARM.ActiveCfg = Debug|iPhone
		{EF0C4EBB-65EE-4239-9119-BFF1931C06C1}.Debug|iPhone.ActiveCfg = Debug|iPhone
		{EF0C4EBB-65EE-4239-9119-BFF1931C06C1}.Debug|iPhone.Build.0 = Debug|iPhone
		{EF0C4EBB-65EE-4239-9119-BFF1931C06C1}.Debug|iPhoneSimulator.ActiveCfg = Debug|iPhoneSimulator
		{EF0C4EBB-65EE-4239-9119-BFF1931C06C1}.Debug|iPhoneSimulator.Build.0 = Debug|iPhoneSimulator
		{EF0C4EBB-65EE-4239-9119-BFF1931C06C1}.Debug|x64.ActiveCfg = Debug|iPhone
		{EF0C4EBB-65EE-4239-9119-BFF1931C06C1}.Debug|x86.ActiveCfg = Debug|iPhone
		{EF0C4EBB-65EE-4239-9119-BFF1931C06C1}.Release|Any CPU.ActiveCfg = Release|iPhone
		{EF0C4EBB-65EE-4239-9119-BFF1931C06C1}.Release|ARM.ActiveCfg = Release|iPhone
		{EF0C4EBB-65EE-4239-9119-BFF1931C06C1}.Release|iPhone.ActiveCfg = Release|iPhone
		{EF0C4EBB-65EE-4239-9119-BFF1931C06C1}.Release|iPhone.Build.0 = Release|iPhone
		{EF0C4EBB-65EE-4239-9119-BFF1931C06C1}.Release|iPhoneSimulator.ActiveCfg = Release|iPhoneSimulator
		{EF0C4EBB-65EE-4239-9119-BFF1931C06C1}.Release|iPhoneSimulator.Build.0 = Release|iPhoneSimulator
		{EF0C4EBB-65EE-4239-9119-BFF1931C06C1}.Release|x64.ActiveCfg = Release|iPhone
		{EF0C4EBB-65EE-4239-9119-BFF1931C06C1}.Release|x86.ActiveCfg = Release|iPhone
	EndGlobalSection
	GlobalSection(SolutionProperties) = preSolution
		HideSolutionNode = FALSE
	EndGlobalSection
EndGlobal
